
Microsoft Visual Studio Solution File, Format Version 12.00
# Visual Studio 15
VisualStudioVersion = 15.0.27703.2035
MinimumVisualStudioVersion = 10.0.40219.1
Project("{FAE04EC0-301F-11D3-BF4B-00C04F79EFBC}") = "SammysAuto", "SammysAuto\SammysAuto.csproj", "{4DB0F086-3608-405B-821B-45107CFE39C1}"
EndProject
Global
	GlobalSection(SolutionConfigurationPlatforms) = preSolution
		Debug|Any CPU = Debug|Any CPU
		Release|Any CPU = Release|Any CPU
	EndGlobalSection
	GlobalSection(ProjectConfigurationPlatforms) = postSolution
		{4DB0F086-3608-405B-821B-45107CFE39C1}.Debug|Any CPU.ActiveCfg = Debug|Any CPU
		{4DB0F086-3608-405B-821B-45107CFE39C1}.Debug|Any CPU.Build.0 = Debug|Any CPU
		{4DB0F086-3608-405B-821B-45107CFE39C1}.Release|Any CPU.ActiveCfg = Release|Any CPU
		{4DB0F086-3608-405B-821B-45107CFE39C1}.Release|Any CPU.Build.0 = Release|Any CPU
	EndGlobalSection
	GlobalSection(SolutionProperties) = preSolution
		HideSolutionNode = FALSE
	EndGlobalSection
	GlobalSection(ExtensibilityGlobals) = postSolution
		SolutionGuid = {D5682235-528B-489A-9F74-B3B4F4E07F4C}
	EndGlobalSection
EndGlobal
